
Microsoft Visual Studio Solution File, Format Version 12.00
# Visual Studio Version 16
VisualStudioVersion = 16.0.28803.352
MinimumVisualStudioVersion = 10.0.40219.1
Project("{FAE04EC0-301F-11D3-BF4B-00C04F79EFBC}") = "Ejemplos_Ap1-2019-01", "Ejemplos_Ap1-2019-01.csproj", "{00AD31D4-FA38-4D02-8545-54B2EEE1E946}"
EndProject
Global
	GlobalSection(SolutionConfigurationPlatforms) = preSolution
		Debug|Any CPU = Debug|Any CPU
		Release|Any CPU = Release|Any CPU
	EndGlobalSection
	GlobalSection(ProjectConfigurationPlatforms) = postSolution
		{00AD31D4-FA38-4D02-8545-54B2EEE1E946}.Debug|Any CPU.ActiveCfg = Debug|Any CPU
		{00AD31D4-FA38-4D02-8545-54B2EEE1E946}.Debug|Any CPU.Build.0 = Debug|Any CPU
		{00AD31D4-FA38-4D02-8545-54B2EEE1E946}.Release|Any CPU.ActiveCfg = Release|Any CPU
		{00AD31D4-FA38-4D02-8545-54B2EEE1E946}.Release|Any CPU.Build.0 = Release|Any CPU
	EndGlobalSection
	GlobalSection(SolutionProperties) = preSolution
		HideSolutionNode = FALSE
	EndGlobalSection
	GlobalSection(ExtensibilityGlobals) = postSolution
		SolutionGuid = {917AE87E-96F0-4EE9-A36B-0AE0E2D0926D}
	EndGlobalSection
EndGlobal
